
Microsoft Visual Studio Solution File, Format Version 12.00
# Visual Studio Version 17
VisualStudioVersion = 17.3.32825.248
MinimumVisualStudioVersion = 10.0.40219.1
Project("{9A19103F-16F7-4668-BE54-9A1E7A4F7556}") = "server", "server.csproj", "{EF00C094-AD9A-4D9B-95C9-9FCBFF9EA0B7}"
EndProject
Project("{FAE04EC0-301F-11D3-BF4B-00C04F79EFBC}") = "server.Core", "..\server.Core\server.Core.csproj", "{2E24B246-82CD-484A-96CF-13A405E4AE7D}"
EndProject
Project("{FAE04EC0-301F-11D3-BF4B-00C04F79EFBC}") = "server.Data", "..\server.Data\server.Data.csproj", "{7EEF3DD9-B6AB-48B7-A974-A69B5D633D0F}"
EndProject
Project("{FAE04EC0-301F-11D3-BF4B-00C04F79EFBC}") = "server.Service", "..\server.Service\server.Service.csproj", "{65D49CAB-9CF6-443E-A5A2-0C0665A1C960}"
EndProject
Global
	GlobalSection(SolutionConfigurationPlatforms) = preSolution
		Debug|Any CPU = Debug|Any CPU
		Release|Any CPU = Release|Any CPU
	EndGlobalSection
	GlobalSection(ProjectConfigurationPlatforms) = postSolution
		{EF00C094-AD9A-4D9B-95C9-9FCBFF9EA0B7}.Debug|Any CPU.ActiveCfg = Debug|Any CPU
		{EF00C094-AD9A-4D9B-95C9-9FCBFF9EA0B7}.Debug|Any CPU.Build.0 = Debug|Any CPU
		{EF00C094-AD9A-4D9B-95C9-9FCBFF9EA0B7}.Release|Any CPU.ActiveCfg = Release|Any CPU
		{EF00C094-AD9A-4D9B-95C9-9FCBFF9EA0B7}.Release|Any CPU.Build.0 = Release|Any CPU
		{2E24B246-82CD-484A-96CF-13A405E4AE7D}.Debug|Any CPU.ActiveCfg = Debug|Any CPU
		{2E24B246-82CD-484A-96CF-13A405E4AE7D}.Debug|Any CPU.Build.0 = Debug|Any CPU
		{2E24B246-82CD-484A-96CF-13A405E4AE7D}.Release|Any CPU.ActiveCfg = Release|Any CPU
		{2E24B246-82CD-484A-96CF-13A405E4AE7D}.Release|Any CPU.Build.0 = Release|Any CPU
		{7EEF3DD9-B6AB-48B7-A974-A69B5D633D0F}.Debug|Any CPU.ActiveCfg = Debug|Any CPU
		{7EEF3DD9-B6AB-48B7-A974-A69B5D633D0F}.Debug|Any CPU.Build.0 = Debug|Any CPU
		{7EEF3DD9-B6AB-48B7-A974-A69B5D633D0F}.Release|Any CPU.ActiveCfg = Release|Any CPU
		{7EEF3DD9-B6AB-48B7-A974-A69B5D633D0F}.Release|Any CPU.Build.0 = Release|Any CPU
		{65D49CAB-9CF6-443E-A5A2-0C0665A1C960}.Debug|Any CPU.ActiveCfg = Debug|Any CPU
		{65D49CAB-9CF6-443E-A5A2-0C0665A1C960}.Debug|Any CPU.Build.0 = Debug|Any CPU
		{65D49CAB-9CF6-443E-A5A2-0C0665A1C960}.Release|Any CPU.ActiveCfg = Release|Any CPU
		{65D49CAB-9CF6-443E-A5A2-0C0665A1C960}.Release|Any CPU.Build.0 = Release|Any CPU
	EndGlobalSection
	GlobalSection(SolutionProperties) = preSolution
		HideSolutionNode = FALSE
	EndGlobalSection
	GlobalSection(ExtensibilityGlobals) = postSolution
		SolutionGuid = {6534708B-5C85-41B2-9646-6326F160FA0C}
	EndGlobalSection
EndGlobal
